// !$*UTF8*$!
{
	archiveVersion = 1;
	classes = {
	};
	objectVersion = 46;
	objects = {

/* Begin PBXBuildFile section */
		1807A7651A023DA500402F92 /* FeedItem.swift in Sources */ = {isa = PBXBuildFile; fileRef = 1807A7641A023DA500402F92 /* FeedItem.swift */; };
		1807A7671A02479B00402F92 /* ProfileViewController.swift in Sources */ = {isa = PBXBuildFile; fileRef = 1807A7661A02479B00402F92 /* ProfileViewController.swift */; };
		1807A7691A024D9400402F92 /* FacebookSDK.framework in Frameworks */ = {isa = PBXBuildFile; fileRef = 1807A7681A024D9400402F92 /* FacebookSDK.framework */; };
		1807A76C1A02572A00402F92 /* FeedViewController.swift in Sources */ = {isa = PBXBuildFile; fileRef = 1807A76B1A02572A00402F92 /* FeedViewController.swift */; };
		1830A03819EFED7C00A6FF6E /* BerlinTVTower.jpg in Resources */ = {isa = PBXBuildFile; fileRef = 1830A03719EFED7C00A6FF6E /* BerlinTVTower.jpg */; };
		1891CB8219EFABAE00483D5A /* CoreData.framework in Frameworks */ = {isa = PBXBuildFile; fileRef = 1891CB8119EFABAE00483D5A /* CoreData.framework */; };
		1891CB8419EFB69800483D5A /* FilterViewController.swift in Sources */ = {isa = PBXBuildFile; fileRef = 1891CB8319EFB69800483D5A /* FilterViewController.swift */; };
		1891CB8619EFC03500483D5A /* FilterCell.swift in Sources */ = {isa = PBXBuildFile; fileRef = 1891CB8519EFC03500483D5A /* FilterCell.swift */; };
		18D1E80419EE33E1002ED734 /* AppDelegate.swift in Sources */ = {isa = PBXBuildFile; fileRef = 18D1E80319EE33E1002ED734 /* AppDelegate.swift */; };
		18D1E80719EE33E1002ED734 /* ExchangeAGram.xcdatamodeld in Sources */ = {isa = PBXBuildFile; fileRef = 18D1E80519EE33E1002ED734 /* ExchangeAGram.xcdatamodeld */; };
		18D1E80C19EE33E1002ED734 /* Main.storyboard in Resources */ = {isa = PBXBuildFile; fileRef = 18D1E80A19EE33E1002ED734 /* Main.storyboard */; };
		18D1E80E19EE33E1002ED734 /* Images.xcassets in Resources */ = {isa = PBXBuildFile; fileRef = 18D1E80D19EE33E1002ED734 /* Images.xcassets */; };
		18D1E81119EE33E2002ED734 /* LaunchScreen.xib in Resources */ = {isa = PBXBuildFile; fileRef = 18D1E80F19EE33E2002ED734 /* LaunchScreen.xib */; };
		18D1E81D19EE33E2002ED734 /* ExchangeAGramTests.swift in Sources */ = {isa = PBXBuildFile; fileRef = 18D1E81C19EE33E2002ED734 /* ExchangeAGramTests.swift */; };
		18D1E82919EE403F002ED734 /* FeedCell.swift in Sources */ = {isa = PBXBuildFile; fileRef = 18D1E82819EE403F002ED734 /* FeedCell.swift */; };
		18D1E82B19EE4541002ED734 /* MobileCoreServices.framework in Frameworks */ = {isa = PBXBuildFile; fileRef = 18D1E82A19EE4541002ED734 /* MobileCoreServices.framework */; };
/* End PBXBuildFile section */

/* Begin PBXContainerItemProxy section */
		18D1E81719EE33E2002ED734 /* PBXContainerItemProxy */ = {
			isa = PBXContainerItemProxy;
			containerPortal = 18D1E7F619EE33E0002ED734 /* Project object */;
			proxyType = 1;
			remoteGlobalIDString = 18D1E7FD19EE33E1002ED734;
			remoteInfo = ExchangeAGram;
		};
/* End PBXContainerItemProxy section */

/* Begin PBXFileReference section */
		1807A7641A023DA500402F92 /* FeedItem.swift */ = {isa = PBXFileReference; fileEncoding = 4; lastKnownFileType = sourcecode.swift; path = FeedItem.swift; sourceTree = "<group>"; };
		1807A7661A02479B00402F92 /* ProfileViewController.swift */ = {isa = PBXFileReference; fileEncoding = 4; lastKnownFileType = sourcecode.swift; path = ProfileViewController.swift; sourceTree = "<group>"; };
		1807A7681A024D9400402F92 /* FacebookSDK.framework */ = {isa = PBXFileReference; lastKnownFileType = wrapper.framework; name = FacebookSDK.framework; path = ../../../Documents/FacebookSDK/FacebookSDK.framework; sourceTree = "<group>"; };
		1807A76A1A02503B00402F92 /* Bridging-Header.h */ = {isa = PBXFileReference; lastKnownFileType = sourcecode.c.h; path = "Bridging-Header.h"; sourceTree = "<group>"; };
		1807A76B1A02572A00402F92 /* FeedViewController.swift */ = {isa = PBXFileReference; fileEncoding = 4; lastKnownFileType = sourcecode.swift; path = FeedViewController.swift; sourceTree = "<group>"; };
		1830A03719EFED7C00A6FF6E /* BerlinTVTower.jpg */ = {isa = PBXFileReference; lastKnownFileType = image.jpeg; path = BerlinTVTower.jpg; sourceTree = "<group>"; };
		1891CB8119EFABAE00483D5A /* CoreData.framework */ = {isa = PBXFileReference; lastKnownFileType = wrapper.framework; name = CoreData.framework; path = System/Library/Frameworks/CoreData.framework; sourceTree = SDKROOT; };
		1891CB8319EFB69800483D5A /* FilterViewController.swift */ = {isa = PBXFileReference; fileEncoding = 4; lastKnownFileType = sourcecode.swift; path = FilterViewController.swift; sourceTree = "<group>"; };
		1891CB8519EFC03500483D5A /* FilterCell.swift */ = {isa = PBXFileReference; fileEncoding = 4; lastKnownFileType = sourcecode.swift; path = FilterCell.swift; sourceTree = "<group>"; };
		18D1E7FE19EE33E1002ED734 /* ExchangeAGram.app */ = {isa = PBXFileReference; explicitFileType = wrapper.application; includeInIndex = 0; path = ExchangeAGram.app; sourceTree = BUILT_PRODUCTS_DIR; };
		18D1E80219EE33E1002ED734 /* Info.plist */ = {isa = PBXFileReference; lastKnownFileType = text.plist.xml; path = Info.plist; sourceTree = "<group>"; };
		18D1E80319EE33E1002ED734 /* AppDelegate.swift */ = {isa = PBXFileReference; lastKnownFileType = sourcecode.swift; path = AppDelegate.swift; sourceTree = "<group>"; };
		18D1E80619EE33E1002ED734 /* ExchangeAGram.xcdatamodel */ = {isa = PBXFileReference; lastKnownFileType = wrapper.xcdatamodel; path = ExchangeAGram.xcdatamodel; sourceTree = "<group>"; };
		18D1E80B19EE33E1002ED734 /* Base */ = {isa = PBXFileReference; lastKnownFileType = file.storyboard; name = Base; path = Base.lproj/Main.storyboard; sourceTree = "<group>"; };
		18D1E80D19EE33E1002ED734 /* Images.xcassets */ = {isa = PBXFileReference; lastKnownFileType = folder.assetcatalog; path = Images.xcassets; sourceTree = "<group>"; };
		18D1E81019EE33E2002ED734 /* Base */ = {isa = PBXFileReference; lastKnownFileType = file.xib; name = Base; path = Base.lproj/LaunchScreen.xib; sourceTree = "<group>"; };
		18D1E81619EE33E2002ED734 /* ExchangeAGramTests.xctest */ = {isa = PBXFileReference; explicitFileType = wrapper.cfbundle; includeInIndex = 0; path = ExchangeAGramTests.xctest; sourceTree = BUILT_PRODUCTS_DIR; };
		18D1E81B19EE33E2002ED734 /* Info.plist */ = {isa = PBXFileReference; lastKnownFileType = text.plist.xml; path = Info.plist; sourceTree = "<group>"; };
		18D1E81C19EE33E2002ED734 /* ExchangeAGramTests.swift */ = {isa = PBXFileReference; lastKnownFileType = sourcecode.swift; path = ExchangeAGramTests.swift; sourceTree = "<group>"; };
		18D1E82819EE403F002ED734 /* FeedCell.swift */ = {isa = PBXFileReference; fileEncoding = 4; lastKnownFileType = sourcecode.swift; path = FeedCell.swift; sourceTree = "<group>"; };
		18D1E82A19EE4541002ED734 /* MobileCoreServices.framework */ = {isa = PBXFileReference; lastKnownFileType = wrapper.framework; name = MobileCoreServices.framework; path = System/Library/Frameworks/MobileCoreServices.framework; sourceTree = SDKROOT; };
/* End PBXFileReference section */

/* Begin PBXFrameworksBuildPhase section */
		18D1E7FB19EE33E1002ED734 /* Frameworks */ = {
			isa = PBXFrameworksBuildPhase;
			buildActionMask = 2147483647;
			files = (
				1891CB8219EFABAE00483D5A /* CoreData.framework in Frameworks */,
				18D1E82B19EE4541002ED734 /* MobileCoreServices.framework in Frameworks */,
				1807A7691A024D9400402F92 /* FacebookSDK.framework in Frameworks */,
			);
			runOnlyForDeploymentPostprocessing = 0;
		};
		18D1E81319EE33E2002ED734 /* Frameworks */ = {
			isa = PBXFrameworksBuildPhase;
			buildActionMask = 2147483647;
			files = (
			);
			runOnlyForDeploymentPostprocessing = 0;
		};
/* End PBXFrameworksBuildPhase section */

/* Begin PBXGroup section */
		18D1E7F519EE33E0002ED734 = {
			isa = PBXGroup;
			children = (
				18D1E80019EE33E1002ED734 /* ExchangeAGram */,
				18D1E81919EE33E2002ED734 /* ExchangeAGramTests */,
				18D1E7FF19EE33E1002ED734 /* Products */,
			);
			sourceTree = "<group>";
		};
		18D1E7FF19EE33E1002ED734 /* Products */ = {
			isa = PBXGroup;
			children = (
				18D1E7FE19EE33E1002ED734 /* ExchangeAGram.app */,
				18D1E81619EE33E2002ED734 /* ExchangeAGramTests.xctest */,
			);
			name = Products;
			sourceTree = "<group>";
		};
		18D1E80019EE33E1002ED734 /* ExchangeAGram */ = {
			isa = PBXGroup;
			children = (
				18D1E80319EE33E1002ED734 /* AppDelegate.swift */,
				1807A76B1A02572A00402F92 /* FeedViewController.swift */,
				1807A7661A02479B00402F92 /* ProfileViewController.swift */,
				1891CB8319EFB69800483D5A /* FilterViewController.swift */,
				18D1E82819EE403F002ED734 /* FeedCell.swift */,
				1891CB8519EFC03500483D5A /* FilterCell.swift */,
				18D1E80A19EE33E1002ED734 /* Main.storyboard */,
				18D1E80D19EE33E1002ED734 /* Images.xcassets */,
				18D1E80F19EE33E2002ED734 /* LaunchScreen.xib */,
				18D1E80519EE33E1002ED734 /* ExchangeAGram.xcdatamodeld */,
				1807A7641A023DA500402F92 /* FeedItem.swift */,
				1807A76A1A02503B00402F92 /* Bridging-Header.h */,
				18D1E80119EE33E1002ED734 /* Supporting Files */,
			);
			path = ExchangeAGram;
			sourceTree = "<group>";
		};
		18D1E80119EE33E1002ED734 /* Supporting Files */ = {
			isa = PBXGroup;
			children = (
				1807A7681A024D9400402F92 /* FacebookSDK.framework */,
				1830A03719EFED7C00A6FF6E /* BerlinTVTower.jpg */,
				1891CB8119EFABAE00483D5A /* CoreData.framework */,
				18D1E82A19EE4541002ED734 /* MobileCoreServices.framework */,
				18D1E80219EE33E1002ED734 /* Info.plist */,
			);
			name = "Supporting Files";
			sourceTree = "<group>";
		};
		18D1E81919EE33E2002ED734 /* ExchangeAGramTests */ = {
			isa = PBXGroup;
			children = (
				18D1E81C19EE33E2002ED734 /* ExchangeAGramTests.swift */,
				18D1E81A19EE33E2002ED734 /* Supporting Files */,
			);
			path = ExchangeAGramTests;
			sourceTree = "<group>";
		};
		18D1E81A19EE33E2002ED734 /* Supporting Files */ = {
			isa = PBXGroup;
			children = (
				18D1E81B19EE33E2002ED734 /* Info.plist */,
			);
			name = "Supporting Files";
			sourceTree = "<group>";
		};
/* End PBXGroup section */

/* Begin PBXNativeTarget section */
		18D1E7FD19EE33E1002ED734 /* ExchangeAGram */ = {
			isa = PBXNativeTarget;
			buildConfigurationList = 18D1E82019EE33E2002ED734 /* Build configuration list for PBXNativeTarget "ExchangeAGram" */;
			buildPhases = (
				18D1E7FA19EE33E1002ED734 /* Sources */,
				18D1E7FB19EE33E1002ED734 /* Frameworks */,
				18D1E7FC19EE33E1002ED734 /* Resources */,
			);
			buildRules = (
			);
			dependencies = (
			);
			name = ExchangeAGram;
			productName = ExchangeAGram;
			productReference = 18D1E7FE19EE33E1002ED734 /* ExchangeAGram.app */;
			productType = "com.apple.product-type.application";
		};
		18D1E81519EE33E2002ED734 /* ExchangeAGramTests */ = {
			isa = PBXNativeTarget;
			buildConfigurationList = 18D1E82319EE33E2002ED734 /* Build configuration list for PBXNativeTarget "ExchangeAGramTests" */;
			buildPhases = (
				18D1E81219EE33E2002ED734 /* Sources */,
				18D1E81319EE33E2002ED734 /* Frameworks */,
				18D1E81419EE33E2002ED734 /* Resources */,
			);
			buildRules = (
			);
			dependencies = (
				18D1E81819EE33E2002ED734 /* PBXTargetDependency */,
			);
			name = ExchangeAGramTests;
			productName = ExchangeAGramTests;
			productReference = 18D1E81619EE33E2002ED734 /* ExchangeAGramTests.xctest */;
			productType = "com.apple.product-type.bundle.unit-test";
		};
/* End PBXNativeTarget section */

/* Begin PBXProject section */
		18D1E7F619EE33E0002ED734 /* Project object */ = {
			isa = PBXProject;
			attributes = {
				LastUpgradeCheck = 0600;
				ORGANIZATIONNAME = ihjordanov;
				TargetAttributes = {
					18D1E7FD19EE33E1002ED734 = {
						CreatedOnToolsVersion = 6.0;
					};
					18D1E81519EE33E2002ED734 = {
						CreatedOnToolsVersion = 6.0;
						TestTargetID = 18D1E7FD19EE33E1002ED734;
					};
				};
			};
			buildConfigurationList = 18D1E7F919EE33E1002ED734 /* Build configuration list for PBXProject "ExchangeAGram" */;
			compatibilityVersion = "Xcode 3.2";
			developmentRegion = English;
			hasScannedForEncodings = 0;
			knownRegions = (
				en,
				Base,
			);
			mainGroup = 18D1E7F519EE33E0002ED734;
			productRefGroup = 18D1E7FF19EE33E1002ED734 /* Products */;
			projectDirPath = "";
			projectRoot = "";
			targets = (
				18D1E7FD19EE33E1002ED734 /* ExchangeAGram */,
				18D1E81519EE33E2002ED734 /* ExchangeAGramTests */,
			);
		};
/* End PBXProject section */

/* Begin PBXResourcesBuildPhase section */
		18D1E7FC19EE33E1002ED734 /* Resources */ = {
			isa = PBXResourcesBuildPhase;
			buildActionMask = 2147483647;
			files = (
				18D1E80C19EE33E1002ED734 /* Main.storyboard in Resources */,
				18D1E81119EE33E2002ED734 /* LaunchScreen.xib in Resources */,
				18D1E80E19EE33E1002ED734 /* Images.xcassets in Resources */,
				1830A03819EFED7C00A6FF6E /* BerlinTVTower.jpg in Resources */,
			);
			runOnlyForDeploymentPostprocessing = 0;
		};
		18D1E81419EE33E2002ED734 /* Resources */ = {
			isa = PBXResourcesBuildPhase;
			buildActionMask = 2147483647;
			files = (
			);
			runOnlyForDeploymentPostprocessing = 0;
		};
/* End PBXResourcesBuildPhase section */

/* Begin PBXSourcesBuildPhase section */
		18D1E7FA19EE33E1002ED734 /* Sources */ = {
			isa = PBXSourcesBuildPhase;
			buildActionMask = 2147483647;
			files = (
				1891CB8619EFC03500483D5A /* FilterCell.swift in Sources */,
				1891CB8419EFB69800483D5A /* FilterViewController.swift in Sources */,
				18D1E80419EE33E1002ED734 /* AppDelegate.swift in Sources */,
				18D1E82919EE403F002ED734 /* FeedCell.swift in Sources */,
				1807A7651A023DA500402F92 /* FeedItem.swift in Sources */,
				1807A7671A02479B00402F92 /* ProfileViewController.swift in Sources */,
				1807A76C1A02572A00402F92 /* FeedViewController.swift in Sources */,
				18D1E80719EE33E1002ED734 /* ExchangeAGram.xcdatamodeld in Sources */,
			);
			runOnlyForDeploymentPostprocessing = 0;
		};
		18D1E81219EE33E2002ED734 /* Sources */ = {
			isa = PBXSourcesBuildPhase;
			buildActionMask = 2147483647;
			files = (
				18D1E81D19EE33E2002ED734 /* ExchangeAGramTests.swift in Sources */,
			);
			runOnlyForDeploymentPostprocessing = 0;
		};
/* End PBXSourcesBuildPhase section */

/* Begin PBXTargetDependency section */
		18D1E81819EE33E2002ED734 /* PBXTargetDependency */ = {
			isa = PBXTargetDependency;
			target = 18D1E7FD19EE33E1002ED734 /* ExchangeAGram */;
			targetProxy = 18D1E81719EE33E2002ED734 /* PBXContainerItemProxy */;
		};
/* End PBXTargetDependency section */

/* Begin PBXVariantGroup section */
		18D1E80A19EE33E1002ED734 /* Main.storyboard */ = {
			isa = PBXVariantGroup;
			children = (
				18D1E80B19EE33E1002ED734 /* Base */,
			);
			name = Main.storyboard;
			sourceTree = "<group>";
		};
		18D1E80F19EE33E2002ED734 /* LaunchScreen.xib */ = {
			isa = PBXVariantGroup;
			children = (
				18D1E81019EE33E2002ED734 /* Base */,
			);
			name = LaunchScreen.xib;
			sourceTree = "<group>";
		};
/* End PBXVariantGroup section */

/* Begin XCBuildConfiguration section */
		18D1E81E19EE33E2002ED734 /* Debug */ = {
			isa = XCBuildConfiguration;
			buildSettings = {
				ALWAYS_SEARCH_USER_PATHS = NO;
				CLANG_CXX_LANGUAGE_STANDARD = "gnu++0x";
				CLANG_CXX_LIBRARY = "libc++";
				CLANG_ENABLE_MODULES = YES;
				CLANG_ENABLE_OBJC_ARC = YES;
				CLANG_WARN_BOOL_CONVERSION = YES;
				CLANG_WARN_CONSTANT_CONVERSION = YES;
				CLANG_WARN_DIRECT_OBJC_ISA_USAGE = YES_ERROR;
				CLANG_WARN_EMPTY_BODY = YES;
				CLANG_WARN_ENUM_CONVERSION = YES;
				CLANG_WARN_INT_CONVERSION = YES;
				CLANG_WARN_OBJC_ROOT_CLASS = YES_ERROR;
				CLANG_WARN_UNREACHABLE_CODE = YES;
				CLANG_WARN__DUPLICATE_METHOD_MATCH = YES;
				"CODE_SIGN_IDENTITY[sdk=iphoneos*]" = "iPhone Developer";
				COPY_PHASE_STRIP = NO;
				ENABLE_STRICT_OBJC_MSGSEND = YES;
				GCC_C_LANGUAGE_STANDARD = gnu99;
				GCC_DYNAMIC_NO_PIC = NO;
				GCC_OPTIMIZATION_LEVEL = 0;
				GCC_PREPROCESSOR_DEFINITIONS = (
					"DEBUG=1",
					"$(inherited)",
				);
				GCC_SYMBOLS_PRIVATE_EXTERN = NO;
				GCC_WARN_64_TO_32_BIT_CONVERSION = YES;
				GCC_WARN_ABOUT_RETURN_TYPE = YES_ERROR;
				GCC_WARN_UNDECLARED_SELECTOR = YES;
				GCC_WARN_UNINITIALIZED_AUTOS = YES_AGGRESSIVE;
				GCC_WARN_UNUSED_FUNCTION = YES;
				GCC_WARN_UNUSED_VARIABLE = YES;
				IPHONEOS_DEPLOYMENT_TARGET = 8.1;
				MTL_ENABLE_DEBUG_INFO = YES;
				ONLY_ACTIVE_ARCH = YES;
				SDKROOT = iphoneos;
				SWIFT_OPTIMIZATION_LEVEL = "-Onone";
				TARGETED_DEVICE_FAMILY = "1,2";
			};
			name = Debug;
		};
		18D1E81F19EE33E2002ED734 /* Release */ = {
			isa = XCBuildConfiguration;
			buildSettings = {
				ALWAYS_SEARCH_USER_PATHS = NO;
				CLANG_CXX_LANGUAGE_STANDARD = "gnu++0x";
				CLANG_CXX_LIBRARY = "libc++";
				CLANG_ENABLE_MODULES = YES;
				CLANG_ENABLE_OBJC_ARC = YES;
				CLANG_WARN_BOOL_CONVERSION = YES;
				CLANG_WARN_CONSTANT_CONVERSION = YES;
				CLANG_WARN_DIRECT_OBJC_ISA_USAGE = YES_ERROR;
				CLANG_WARN_EMPTY_BODY = YES;
				CLANG_WARN_ENUM_CONVERSION = YES;
				CLANG_WARN_INT_CONVERSION = YES;
				CLANG_WARN_OBJC_ROOT_CLASS = YES_ERROR;
				CLANG_WARN_UNREACHABLE_CODE = YES;
				CLANG_WARN__DUPLICATE_METHOD_MATCH = YES;
				"CODE_SIGN_IDENTITY[sdk=iphoneos*]" = "iPhone Developer";
				COPY_PHASE_STRIP = YES;
				ENABLE_NS_ASSERTIONS = NO;
				ENABLE_STRICT_OBJC_MSGSEND = YES;
				GCC_C_LANGUAGE_STANDARD = gnu99;
				GCC_WARN_64_TO_32_BIT_CONVERSION = YES;
				GCC_WARN_ABOUT_RETURN_TYPE = YES_ERROR;
				GCC_WARN_UNDECLARED_SELECTOR = YES;
				GCC_WARN_UNINITIALIZED_AUTOS = YES_AGGRESSIVE;
				GCC_WARN_UNUSED_FUNCTION = YES;
				GCC_WARN_UNUSED_VARIABLE = YES;
				IPHONEOS_DEPLOYMENT_TARGET = 8.1;
				MTL_ENABLE_DEBUG_INFO = NO;
				SDKROOT = iphoneos;
				TARGETED_DEVICE_FAMILY = "1,2";
				VALIDATE_PRODUCT = YES;
			};
			name = Release;
		};
		18D1E82119EE33E2002ED734 /* Debug */ = {
			isa = XCBuildConfiguration;
			buildSettings = {
				ASSETCATALOG_COMPILER_APPICON_NAME = AppIcon;
				FRAMEWORK_SEARCH_PATHS = (
					"$(inherited)",
					/Users/ihjordanov/Documents/FacebookSDK,
				);
				INFOPLIST_FILE = ExchangeAGram/Info.plist;
				LD_RUNPATH_SEARCH_PATHS = "$(inherited) @executable_path/Frameworks";
				PRODUCT_NAME = "$(TARGET_NAME)";
				SWIFT_OBJC_BRIDGING_HEADER = "ExchangeAGram/Bridging-Header.h";
			};
			name = Debug;
		};
		18D1E82219EE33E2002ED734 /* Release */ = {
			isa = XCBuildConfiguration;
			buildSettings = {
				ASSETCATALOG_COMPILER_APPICON_NAME = AppIcon;
				FRAMEWORK_SEARCH_PATHS = (
					"$(inherited)",
					/Users/ihjordanov/Documents/FacebookSDK,
				);
				INFOPLIST_FILE = ExchangeAGram/Info.plist;
				LD_RUNPATH_SEARCH_PATHS = "$(inherited) @executable_path/Frameworks";
				PRODUCT_NAME = "$(TARGET_NAME)";
				SWIFT_OBJC_BRIDGING_HEADER = "ExchangeAGram/Bridging-Header.h";
			};
			name = Release;
		};
		18D1E82419EE33E2002ED734 /* Debug */ = {
			isa = XCBuildConfiguration;
			buildSettings = {
				BUNDLE_LOADER = "$(TEST_HOST)";
				FRAMEWORK_SEARCH_PATHS = (
					"$(SDKROOT)/Developer/Library/Frameworks",
					"$(inherited)",
				);
				GCC_PREPROCESSOR_DEFINITIONS = (
					"DEBUG=1",
					"$(inherited)",
				);
				INFOPLIST_FILE = ExchangeAGramTests/Info.plist;
				LD_RUNPATH_SEARCH_PATHS = "$(inherited) @executable_path/Frameworks @loader_path/Frameworks";
				PRODUCT_NAME = "$(TARGET_NAME)";
				TEST_HOST = "$(BUILT_PRODUCTS_DIR)/ExchangeAGram.app/ExchangeAGram";
			};
			name = Debug;
		};
		18D1E82519EE33E2002ED734 /* Release */ = {
			isa = XCBuildConfiguration;
			buildSettings = {
				BUNDLE_LOADER = "$(TEST_HOST)";
				FRAMEWORK_SEARCH_PATHS = (
					"$(SDKROOT)/Developer/Library/Frameworks",
					"$(inherited)",
				);
				INFOPLIST_FILE = ExchangeAGramTests/Info.plist;
				LD_RUNPATH_SEARCH_PATHS = "$(inherited) @executable_path/Frameworks @loader_path/Frameworks";
				PRODUCT_NAME = "$(TARGET_NAME)";
				TEST_HOST = "$(BUILT_PRODUCTS_DIR)/ExchangeAGram.app/ExchangeAGram";
			};
			name = Release;
		};
/* End XCBuildConfiguration section */

/* Begin XCConfigurationList section */
		18D1E7F919EE33E1002ED734 /* Build configuration list for PBXProject "ExchangeAGram" */ = {
			isa = XCConfigurationList;
			buildConfigurations = (
				18D1E81E19EE33E2002ED734 /* Debug */,
				18D1E81F19EE33E2002ED734 /* Release */,
			);
			defaultConfigurationIsVisible = 0;
			defaultConfigurationName = Release;
		};
		18D1E82019EE33E2002ED734 /* Build configuration list for PBXNativeTarget "ExchangeAGram" */ = {
			isa = XCConfigurationList;
			buildConfigurations = (
				18D1E82119EE33E2002ED734 /* Debug */,
				18D1E82219EE33E2002ED734 /* Release */,
			);
			defaultConfigurationIsVisible = 0;
			defaultConfigurationName = Release;
		};
		18D1E82319EE33E2002ED734 /* Build configuration list for PBXNativeTarget "ExchangeAGramTests" */ = {
			isa = XCConfigurationList;
			buildConfigurations = (
				18D1E82419EE33E2002ED734 /* Debug */,
				18D1E82519EE33E2002ED734 /* Release */,
			);
			defaultConfigurationIsVisible = 0;
			defaultConfigurationName = Release;
		};
/* End XCConfigurationList section */

/* Begin XCVersionGroup section */
		18D1E80519EE33E1002ED734 /* ExchangeAGram.xcdatamodeld */ = {
			isa = XCVersionGroup;
			children = (
				18D1E80619EE33E1002ED734 /* ExchangeAGram.xcdatamodel */,
			);
			currentVersion = 18D1E80619EE33E1002ED734 /* ExchangeAGram.xcdatamodel */;
			path = ExchangeAGram.xcdatamodeld;
			sourceTree = "<group>";
			versionGroupType = wrapper.xcdatamodel;
		};
/* End XCVersionGroup section */
	};
	rootObject = 18D1E7F619EE33E0002ED734 /* Project object */;
}
